github.com/google/certificate-transparency-go v1.1.7 h1:IASD+NtgSTJLPdzkthwvAG1ZVbF2WtFg4IvoA68XGSw=
github.com/google/certificate-transparency-go v1.1.7/go.mod h1:FSSBo8fyMVgqptbfF6j5p/XNdgQftAhSmXcIxV9iphE=
golang.org/x/crypto v0.31.0 h1:ihbySMvVjLAeSH1IbfcRTkD/iNscyz8rGzjF/E5hV6U=
golang.org/x/crypto v0.31.0/go.mod h1:kDsLvtWBEx7MV9tJOj9bnXsPbxwJQ6csT/x4KIN4Ssk=
