github.com/google/certificate-transparency-go v1.1.7 h1:IASD+NtgSTJLPdzkthwvAG1ZVbF2WtFg4IvoA68XGSw=
github.com/google/certificate-transparency-go v1.1.7/go.mod h1:FSSBo8fyMVgqptbfF6j5p/XNdgQftAhSmXcIxV9iphE=
golang.org/x/crypto v0.17.0 h1:r8bRNjWL3GshPW3gkd+RpvzWrZAwPS49OmTGZ/uhM4k=
golang.org/x/crypto v0.17.0/go.mod h1:gCAAfMLgwOJRpTjQ2zCCt2OcSfYMTeZVSRtQlPC7Nq4=
